
Microsoft Visual Studio Solution File, Format Version 12.00
# Visual Studio Version 17
VisualStudioVersion = 17.14.36414.22 d17.14
MinimumVisualStudioVersion = 10.0.40219.1
Project("{FAE04EC0-301F-11D3-BF4B-00C04F79EFBC}") = "OFFline-Spotify", "OFFline-Spotify\OFFline-Spotify.csproj", "{624CBC9C-4F5A-4170-9A75-DE42C6002F96}"
EndProject
Global
	GlobalSection(SolutionConfigurationPlatforms) = preSolution
		Debug|Any CPU = Debug|Any CPU
		Release|Any CPU = Release|Any CPU
	EndGlobalSection
	GlobalSection(ProjectConfigurationPlatforms) = postSolution
		{624CBC9C-4F5A-4170-9A75-DE42C6002F96}.Debug|Any CPU.ActiveCfg = Debug|Any CPU
		{624CBC9C-4F5A-4170-9A75-DE42C6002F96}.Debug|Any CPU.Build.0 = Debug|Any CPU
		{624CBC9C-4F5A-4170-9A75-DE42C6002F96}.Release|Any CPU.ActiveCfg = Release|Any CPU
		{624CBC9C-4F5A-4170-9A75-DE42C6002F96}.Release|Any CPU.Build.0 = Release|Any CPU
	EndGlobalSection
	GlobalSection(SolutionProperties) = preSolution
		HideSolutionNode = FALSE
	EndGlobalSection
	GlobalSection(ExtensibilityGlobals) = postSolution
		SolutionGuid = {7CDC4391-B48E-454C-8833-D48996EE499A}
	EndGlobalSection
EndGlobal
